
Microsoft Visual Studio Solution File, Format Version 12.00
# Visual Studio Version 17
VisualStudioVersion = 17.5.33530.505
MinimumVisualStudioVersion = 10.0.40219.1
Project("{FAE04EC0-301F-11D3-BF4B-00C04F79EFBC}") = "Propiedades_AylinFernandez", "Propiedades_AylinFernandez\Propiedades_AylinFernandez.csproj", "{03C55E05-2441-4139-AB75-8EB56FC80B8D}"
EndProject
Global
	GlobalSection(SolutionConfigurationPlatforms) = preSolution
		Debug|Any CPU = Debug|Any CPU
		Release|Any CPU = Release|Any CPU
	EndGlobalSection
	GlobalSection(ProjectConfigurationPlatforms) = postSolution
		{03C55E05-2441-4139-AB75-8EB56FC80B8D}.Debug|Any CPU.ActiveCfg = Debug|Any CPU
		{03C55E05-2441-4139-AB75-8EB56FC80B8D}.Debug|Any CPU.Build.0 = Debug|Any CPU
		{03C55E05-2441-4139-AB75-8EB56FC80B8D}.Release|Any CPU.ActiveCfg = Release|Any CPU
		{03C55E05-2441-4139-AB75-8EB56FC80B8D}.Release|Any CPU.Build.0 = Release|Any CPU
	EndGlobalSection
	GlobalSection(SolutionProperties) = preSolution
		HideSolutionNode = FALSE
	EndGlobalSection
	GlobalSection(ExtensibilityGlobals) = postSolution
		SolutionGuid = {C43960FC-A77A-4C08-B40E-6BC60433D4B5}
	EndGlobalSection
EndGlobal
